
Microsoft Visual Studio Solution File, Format Version 12.00
# Visual Studio Version 16
VisualStudioVersion = 16.0.31424.327
MinimumVisualStudioVersion = 10.0.40219.1
Project("{FAE04EC0-301F-11D3-BF4B-00C04F79EFBC}") = "DbProductsORM", "DbProductsORM\DbProductsORM.csproj", "{A91101E6-F919-4EFC-A246-760C7B39BBB5}"
EndProject
Project("{2150E333-8FDC-42A3-9474-1A3956D46DE8}") = "Models", "Models", "{8EDF36AD-0AB2-4203-81E8-F2A26EBE3266}"
	ProjectSection(SolutionItems) = preProject
		Product.cs = Product.cs
	EndProjectSection
EndProject
Project("{2150E333-8FDC-42A3-9474-1A3956D46DE8}") = "Data", "Data", "{CF628903-09DD-4D7C-9221-476FC05ABA18}"
	ProjectSection(SolutionItems) = preProject
		ProductContext.cs = ProductContext.cs
	EndProjectSection
EndProject
Project("{2150E333-8FDC-42A3-9474-1A3956D46DE8}") = "Business", "Business", "{4E08C9E2-A9B3-468D-B1FB-8E64CC66D540}"
	ProjectSection(SolutionItems) = preProject
		ProductBusiness.cs = ProductBusiness.cs
	EndProjectSection
EndProject
Project("{2150E333-8FDC-42A3-9474-1A3956D46DE8}") = "Presentation", "Presentation", "{C98CA0BF-F1E2-4031-9F6F-119537508596}"
	ProjectSection(SolutionItems) = preProject
		Display.cs = Display.cs
	EndProjectSection
EndProject
Global
	GlobalSection(SolutionConfigurationPlatforms) = preSolution
		Debug|Any CPU = Debug|Any CPU
		Release|Any CPU = Release|Any CPU
	EndGlobalSection
	GlobalSection(ProjectConfigurationPlatforms) = postSolution
		{A91101E6-F919-4EFC-A246-760C7B39BBB5}.Debug|Any CPU.ActiveCfg = Debug|Any CPU
		{A91101E6-F919-4EFC-A246-760C7B39BBB5}.Debug|Any CPU.Build.0 = Debug|Any CPU
		{A91101E6-F919-4EFC-A246-760C7B39BBB5}.Release|Any CPU.ActiveCfg = Release|Any CPU
		{A91101E6-F919-4EFC-A246-760C7B39BBB5}.Release|Any CPU.Build.0 = Release|Any CPU
	EndGlobalSection
	GlobalSection(SolutionProperties) = preSolution
		HideSolutionNode = FALSE
	EndGlobalSection
	GlobalSection(NestedProjects) = preSolution
		{8EDF36AD-0AB2-4203-81E8-F2A26EBE3266} = {CF628903-09DD-4D7C-9221-476FC05ABA18}
		{C98CA0BF-F1E2-4031-9F6F-119537508596} = {4E08C9E2-A9B3-468D-B1FB-8E64CC66D540}
	EndGlobalSection
	GlobalSection(ExtensibilityGlobals) = postSolution
		SolutionGuid = {385AF443-9B1F-418D-AD8A-4DB464A1B5D5}
	EndGlobalSection
EndGlobal
